
Microsoft Visual Studio Solution File, Format Version 12.00
# Visual Studio Version 17
VisualStudioVersion = 17.0.31903.59
MinimumVisualStudioVersion = 10.0.40219.1
Project("{2150E333-8FDC-42A3-9474-1A3956D46DE8}") = "src", "src", "{827E0CD3-B72D-47B6-A68D-7590B98EB39B}"
EndProject
Project("{FAE04EC0-301F-11D3-BF4B-00C04F79EFBC}") = "Documentation.Contracts", "src\Documentation.Contracts\Documentation.Contracts.csproj", "{566201FD-0535-4C1F-9DAC-C170C414A121}"
EndProject
Project("{FAE04EC0-301F-11D3-BF4B-00C04F79EFBC}") = "Documentation.Domain", "src\Documentation.Domain\Documentation.Domain.csproj", "{44C20AEC-FD92-4120-A528-2ECFC79E3F0A}"
EndProject
Project("{FAE04EC0-301F-11D3-BF4B-00C04F79EFBC}") = "Documentation.Application", "src\Documentation.Application\Documentation.Application.csproj", "{2673CDDB-0E9B-4898-974B-93BA9CFF21E9}"
EndProject
Project("{FAE04EC0-301F-11D3-BF4B-00C04F79EFBC}") = "Documentation.Infrastructure", "src\Documentation.Infrastructure\Documentation.Infrastructure.csproj", "{49660AFF-444F-43A2-A189-2CF18F6133A9}"
EndProject
Project("{FAE04EC0-301F-11D3-BF4B-00C04F79EFBC}") = "Documentation.Api", "src\Documentation.Api\Documentation.Api.csproj", "{B5C1C186-831F-42BD-A66B-933349BACC81}"
EndProject
Project("{FAE04EC0-301F-11D3-BF4B-00C04F79EFBC}") = "Documentation.Ingestion.Domain", "src\Documentation.Ingestion.Domain\Documentation.Ingestion.Domain.csproj", "{BA9CA87F-F98F-4591-B01A-DEEE246DE650}"
EndProject
Project("{FAE04EC0-301F-11D3-BF4B-00C04F79EFBC}") = "Documentation.Ingestion.Application", "src\Documentation.Ingestion.Application\Documentation.Ingestion.Application.csproj", "{9B9C52D6-8507-4CB7-AE9B-E5D564671D24}"
EndProject
Project("{FAE04EC0-301F-11D3-BF4B-00C04F79EFBC}") = "Documentation.Ingestion.Infrastructure", "src\Documentation.Ingestion.Infrastructure\Documentation.Ingestion.Infrastructure.csproj", "{A058E99F-E7FA-429D-92B2-83F9AF5B0057}"
EndProject
Project("{FAE04EC0-301F-11D3-BF4B-00C04F79EFBC}") = "Documentation.Ingestion.Worker", "src\Documentation.Ingestion.Worker\Documentation.Ingestion.Worker.csproj", "{0D1DA838-316B-4013-B32E-25B6CC4565E8}"
EndProject
Project("{FAE04EC0-301F-11D3-BF4B-00C04F79EFBC}") = "Documentation.Embeddings", "src\Documentation.Embeddings\Documentation.Embeddings.csproj", "{C043A2E2-6588-4E45-864D-4EE2C6EA9A27}"
EndProject
Global
	GlobalSection(SolutionConfigurationPlatforms) = preSolution
		Debug|Any CPU = Debug|Any CPU
		Debug|x64 = Debug|x64
		Debug|x86 = Debug|x86
		Release|Any CPU = Release|Any CPU
		Release|x64 = Release|x64
		Release|x86 = Release|x86
	EndGlobalSection
	GlobalSection(ProjectConfigurationPlatforms) = postSolution
		{566201FD-0535-4C1F-9DAC-C170C414A121}.Debug|Any CPU.ActiveCfg = Debug|Any CPU
		{566201FD-0535-4C1F-9DAC-C170C414A121}.Debug|Any CPU.Build.0 = Debug|Any CPU
		{566201FD-0535-4C1F-9DAC-C170C414A121}.Debug|x64.ActiveCfg = Debug|Any CPU
		{566201FD-0535-4C1F-9DAC-C170C414A121}.Debug|x64.Build.0 = Debug|Any CPU
		{566201FD-0535-4C1F-9DAC-C170C414A121}.Debug|x86.ActiveCfg = Debug|Any CPU
		{566201FD-0535-4C1F-9DAC-C170C414A121}.Debug|x86.Build.0 = Debug|Any CPU
		{566201FD-0535-4C1F-9DAC-C170C414A121}.Release|Any CPU.ActiveCfg = Release|Any CPU
		{566201FD-0535-4C1F-9DAC-C170C414A121}.Release|Any CPU.Build.0 = Release|Any CPU
		{566201FD-0535-4C1F-9DAC-C170C414A121}.Release|x64.ActiveCfg = Release|Any CPU
		{566201FD-0535-4C1F-9DAC-C170C414A121}.Release|x64.Build.0 = Release|Any CPU
		{566201FD-0535-4C1F-9DAC-C170C414A121}.Release|x86.ActiveCfg = Release|Any CPU
		{566201FD-0535-4C1F-9DAC-C170C414A121}.Release|x86.Build.0 = Release|Any CPU
		{44C20AEC-FD92-4120-A528-2ECFC79E3F0A}.Debug|Any CPU.ActiveCfg = Debug|Any CPU
		{44C20AEC-FD92-4120-A528-2ECFC79E3F0A}.Debug|Any CPU.Build.0 = Debug|Any CPU
		{44C20AEC-FD92-4120-A528-2ECFC79E3F0A}.Debug|x64.ActiveCfg = Debug|Any CPU
		{44C20AEC-FD92-4120-A528-2ECFC79E3F0A}.Debug|x64.Build.0 = Debug|Any CPU
		{44C20AEC-FD92-4120-A528-2ECFC79E3F0A}.Debug|x86.ActiveCfg = Debug|Any CPU
		{44C20AEC-FD92-4120-A528-2ECFC79E3F0A}.Debug|x86.Build.0 = Debug|Any CPU
		{44C20AEC-FD92-4120-A528-2ECFC79E3F0A}.Release|Any CPU.ActiveCfg = Release|Any CPU
		{44C20AEC-FD92-4120-A528-2ECFC79E3F0A}.Release|Any CPU.Build.0 = Release|Any CPU
		{44C20AEC-FD92-4120-A528-2ECFC79E3F0A}.Release|x64.ActiveCfg = Release|Any CPU
		{44C20AEC-FD92-4120-A528-2ECFC79E3F0A}.Release|x64.Build.0 = Release|Any CPU
		{44C20AEC-FD92-4120-A528-2ECFC79E3F0A}.Release|x86.ActiveCfg = Release|Any CPU
		{44C20AEC-FD92-4120-A528-2ECFC79E3F0A}.Release|x86.Build.0 = Release|Any CPU
		{2673CDDB-0E9B-4898-974B-93BA9CFF21E9}.Debug|Any CPU.ActiveCfg = Debug|Any CPU
		{2673CDDB-0E9B-4898-974B-93BA9CFF21E9}.Debug|Any CPU.Build.0 = Debug|Any CPU
		{2673CDDB-0E9B-4898-974B-93BA9CFF21E9}.Debug|x64.ActiveCfg = Debug|Any CPU
		{2673CDDB-0E9B-4898-974B-93BA9CFF21E9}.Debug|x64.Build.0 = Debug|Any CPU
		{2673CDDB-0E9B-4898-974B-93BA9CFF21E9}.Debug|x86.ActiveCfg = Debug|Any CPU
		{2673CDDB-0E9B-4898-974B-93BA9CFF21E9}.Debug|x86.Build.0 = Debug|Any CPU
		{2673CDDB-0E9B-4898-974B-93BA9CFF21E9}.Release|Any CPU.ActiveCfg = Release|Any CPU
		{2673CDDB-0E9B-4898-974B-93BA9CFF21E9}.Release|Any CPU.Build.0 = Release|Any CPU
		{2673CDDB-0E9B-4898-974B-93BA9CFF21E9}.Release|x64.ActiveCfg = Release|Any CPU
		{2673CDDB-0E9B-4898-974B-93BA9CFF21E9}.Release|x64.Build.0 = Release|Any CPU
		{2673CDDB-0E9B-4898-974B-93BA9CFF21E9}.Release|x86.ActiveCfg = Release|Any CPU
		{2673CDDB-0E9B-4898-974B-93BA9CFF21E9}.Release|x86.Build.0 = Release|Any CPU
		{49660AFF-444F-43A2-A189-2CF18F6133A9}.Debug|Any CPU.ActiveCfg = Debug|Any CPU
		{49660AFF-444F-43A2-A189-2CF18F6133A9}.Debug|Any CPU.Build.0 = Debug|Any CPU
		{49660AFF-444F-43A2-A189-2CF18F6133A9}.Debug|x64.ActiveCfg = Debug|Any CPU
		{49660AFF-444F-43A2-A189-2CF18F6133A9}.Debug|x64.Build.0 = Debug|Any CPU
		{49660AFF-444F-43A2-A189-2CF18F6133A9}.Debug|x86.ActiveCfg = Debug|Any CPU
		{49660AFF-444F-43A2-A189-2CF18F6133A9}.Debug|x86.Build.0 = Debug|Any CPU
		{49660AFF-444F-43A2-A189-2CF18F6133A9}.Release|Any CPU.ActiveCfg = Release|Any CPU
		{49660AFF-444F-43A2-A189-2CF18F6133A9}.Release|Any CPU.Build.0 = Release|Any CPU
		{49660AFF-444F-43A2-A189-2CF18F6133A9}.Release|x64.ActiveCfg = Release|Any CPU
		{49660AFF-444F-43A2-A189-2CF18F6133A9}.Release|x64.Build.0 = Release|Any CPU
		{49660AFF-444F-43A2-A189-2CF18F6133A9}.Release|x86.ActiveCfg = Release|Any CPU
		{49660AFF-444F-43A2-A189-2CF18F6133A9}.Release|x86.Build.0 = Release|Any CPU
		{B5C1C186-831F-42BD-A66B-933349BACC81}.Debug|Any CPU.ActiveCfg = Debug|Any CPU
		{B5C1C186-831F-42BD-A66B-933349BACC81}.Debug|Any CPU.Build.0 = Debug|Any CPU
		{B5C1C186-831F-42BD-A66B-933349BACC81}.Debug|x64.ActiveCfg = Debug|Any CPU
		{B5C1C186-831F-42BD-A66B-933349BACC81}.Debug|x64.Build.0 = Debug|Any CPU
		{B5C1C186-831F-42BD-A66B-933349BACC81}.Debug|x86.ActiveCfg = Debug|Any CPU
		{B5C1C186-831F-42BD-A66B-933349BACC81}.Debug|x86.Build.0 = Debug|Any CPU
		{B5C1C186-831F-42BD-A66B-933349BACC81}.Release|Any CPU.ActiveCfg = Release|Any CPU
		{B5C1C186-831F-42BD-A66B-933349BACC81}.Release|Any CPU.Build.0 = Release|Any CPU
		{B5C1C186-831F-42BD-A66B-933349BACC81}.Release|x64.ActiveCfg = Release|Any CPU
		{B5C1C186-831F-42BD-A66B-933349BACC81}.Release|x64.Build.0 = Release|Any CPU
		{B5C1C186-831F-42BD-A66B-933349BACC81}.Release|x86.ActiveCfg = Release|Any CPU
		{B5C1C186-831F-42BD-A66B-933349BACC81}.Release|x86.Build.0 = Release|Any CPU
		{BA9CA87F-F98F-4591-B01A-DEEE246DE650}.Debug|Any CPU.ActiveCfg = Debug|Any CPU
		{BA9CA87F-F98F-4591-B01A-DEEE246DE650}.Debug|Any CPU.Build.0 = Debug|Any CPU
		{BA9CA87F-F98F-4591-B01A-DEEE246DE650}.Debug|x64.ActiveCfg = Debug|Any CPU
		{BA9CA87F-F98F-4591-B01A-DEEE246DE650}.Debug|x64.Build.0 = Debug|Any CPU
		{BA9CA87F-F98F-4591-B01A-DEEE246DE650}.Debug|x86.ActiveCfg = Debug|Any CPU
		{BA9CA87F-F98F-4591-B01A-DEEE246DE650}.Debug|x86.Build.0 = Debug|Any CPU
		{BA9CA87F-F98F-4591-B01A-DEEE246DE650}.Release|Any CPU.ActiveCfg = Release|Any CPU
		{BA9CA87F-F98F-4591-B01A-DEEE246DE650}.Release|Any CPU.Build.0 = Release|Any CPU
		{BA9CA87F-F98F-4591-B01A-DEEE246DE650}.Release|x64.ActiveCfg = Release|Any CPU
		{BA9CA87F-F98F-4591-B01A-DEEE246DE650}.Release|x64.Build.0 = Release|Any CPU
		{BA9CA87F-F98F-4591-B01A-DEEE246DE650}.Release|x86.ActiveCfg = Release|Any CPU
		{BA9CA87F-F98F-4591-B01A-DEEE246DE650}.Release|x86.Build.0 = Release|Any CPU
		{9B9C52D6-8507-4CB7-AE9B-E5D564671D24}.Debug|Any CPU.ActiveCfg = Debug|Any CPU
		{9B9C52D6-8507-4CB7-AE9B-E5D564671D24}.Debug|Any CPU.Build.0 = Debug|Any CPU
		{9B9C52D6-8507-4CB7-AE9B-E5D564671D24}.Debug|x64.ActiveCfg = Debug|Any CPU
		{9B9C52D6-8507-4CB7-AE9B-E5D564671D24}.Debug|x64.Build.0 = Debug|Any CPU
		{9B9C52D6-8507-4CB7-AE9B-E5D564671D24}.Debug|x86.ActiveCfg = Debug|Any CPU
		{9B9C52D6-8507-4CB7-AE9B-E5D564671D24}.Debug|x86.Build.0 = Debug|Any CPU
		{9B9C52D6-8507-4CB7-AE9B-E5D564671D24}.Release|Any CPU.ActiveCfg = Release|Any CPU
		{9B9C52D6-8507-4CB7-AE9B-E5D564671D24}.Release|Any CPU.Build.0 = Release|Any CPU
		{9B9C52D6-8507-4CB7-AE9B-E5D564671D24}.Release|x64.ActiveCfg = Release|Any CPU
		{9B9C52D6-8507-4CB7-AE9B-E5D564671D24}.Release|x64.Build.0 = Release|Any CPU
		{9B9C52D6-8507-4CB7-AE9B-E5D564671D24}.Release|x86.ActiveCfg = Release|Any CPU
		{9B9C52D6-8507-4CB7-AE9B-E5D564671D24}.Release|x86.Build.0 = Release|Any CPU
		{A058E99F-E7FA-429D-92B2-83F9AF5B0057}.Debug|Any CPU.ActiveCfg = Debug|Any CPU
		{A058E99F-E7FA-429D-92B2-83F9AF5B0057}.Debug|Any CPU.Build.0 = Debug|Any CPU
		{A058E99F-E7FA-429D-92B2-83F9AF5B0057}.Debug|x64.ActiveCfg = Debug|Any CPU
		{A058E99F-E7FA-429D-92B2-83F9AF5B0057}.Debug|x64.Build.0 = Debug|Any CPU
		{A058E99F-E7FA-429D-92B2-83F9AF5B0057}.Debug|x86.ActiveCfg = Debug|Any CPU
		{A058E99F-E7FA-429D-92B2-83F9AF5B0057}.Debug|x86.Build.0 = Debug|Any CPU
		{A058E99F-E7FA-429D-92B2-83F9AF5B0057}.Release|Any CPU.ActiveCfg = Release|Any CPU
		{A058E99F-E7FA-429D-92B2-83F9AF5B0057}.Release|Any CPU.Build.0 = Release|Any CPU
		{A058E99F-E7FA-429D-92B2-83F9AF5B0057}.Release|x64.ActiveCfg = Release|Any CPU
		{A058E99F-E7FA-429D-92B2-83F9AF5B0057}.Release|x64.Build.0 = Release|Any CPU
		{A058E99F-E7FA-429D-92B2-83F9AF5B0057}.Release|x86.ActiveCfg = Release|Any CPU
		{A058E99F-E7FA-429D-92B2-83F9AF5B0057}.Release|x86.Build.0 = Release|Any CPU
		{0D1DA838-316B-4013-B32E-25B6CC4565E8}.Debug|Any CPU.ActiveCfg = Debug|Any CPU
		{0D1DA838-316B-4013-B32E-25B6CC4565E8}.Debug|Any CPU.Build.0 = Debug|Any CPU
		{0D1DA838-316B-4013-B32E-25B6CC4565E8}.Debug|x64.ActiveCfg = Debug|Any CPU
		{0D1DA838-316B-4013-B32E-25B6CC4565E8}.Debug|x64.Build.0 = Debug|Any CPU
		{0D1DA838-316B-4013-B32E-25B6CC4565E8}.Debug|x86.ActiveCfg = Debug|Any CPU
		{0D1DA838-316B-4013-B32E-25B6CC4565E8}.Debug|x86.Build.0 = Debug|Any CPU
		{0D1DA838-316B-4013-B32E-25B6CC4565E8}.Release|Any CPU.ActiveCfg = Release|Any CPU
		{0D1DA838-316B-4013-B32E-25B6CC4565E8}.Release|Any CPU.Build.0 = Release|Any CPU
		{0D1DA838-316B-4013-B32E-25B6CC4565E8}.Release|x64.ActiveCfg = Release|Any CPU
		{0D1DA838-316B-4013-B32E-25B6CC4565E8}.Release|x64.Build.0 = Release|Any CPU
		{0D1DA838-316B-4013-B32E-25B6CC4565E8}.Release|x86.ActiveCfg = Release|Any CPU
		{0D1DA838-316B-4013-B32E-25B6CC4565E8}.Release|x86.Build.0 = Release|Any CPU
		{C043A2E2-6588-4E45-864D-4EE2C6EA9A27}.Debug|Any CPU.ActiveCfg = Debug|Any CPU
		{C043A2E2-6588-4E45-864D-4EE2C6EA9A27}.Debug|Any CPU.Build.0 = Debug|Any CPU
		{C043A2E2-6588-4E45-864D-4EE2C6EA9A27}.Debug|x64.ActiveCfg = Debug|Any CPU
		{C043A2E2-6588-4E45-864D-4EE2C6EA9A27}.Debug|x64.Build.0 = Debug|Any CPU
		{C043A2E2-6588-4E45-864D-4EE2C6EA9A27}.Debug|x86.ActiveCfg = Debug|Any CPU
		{C043A2E2-6588-4E45-864D-4EE2C6EA9A27}.Debug|x86.Build.0 = Debug|Any CPU
		{C043A2E2-6588-4E45-864D-4EE2C6EA9A27}.Release|Any CPU.ActiveCfg = Release|Any CPU
		{C043A2E2-6588-4E45-864D-4EE2C6EA9A27}.Release|Any CPU.Build.0 = Release|Any CPU
		{C043A2E2-6588-4E45-864D-4EE2C6EA9A27}.Release|x64.ActiveCfg = Release|Any CPU
		{C043A2E2-6588-4E45-864D-4EE2C6EA9A27}.Release|x64.Build.0 = Release|Any CPU
		{C043A2E2-6588-4E45-864D-4EE2C6EA9A27}.Release|x86.ActiveCfg = Release|Any CPU
		{C043A2E2-6588-4E45-864D-4EE2C6EA9A27}.Release|x86.Build.0 = Release|Any CPU
	EndGlobalSection
	GlobalSection(SolutionProperties) = preSolution
		HideSolutionNode = FALSE
	EndGlobalSection
	GlobalSection(NestedProjects) = preSolution
		{566201FD-0535-4C1F-9DAC-C170C414A121} = {827E0CD3-B72D-47B6-A68D-7590B98EB39B}
		{44C20AEC-FD92-4120-A528-2ECFC79E3F0A} = {827E0CD3-B72D-47B6-A68D-7590B98EB39B}
		{2673CDDB-0E9B-4898-974B-93BA9CFF21E9} = {827E0CD3-B72D-47B6-A68D-7590B98EB39B}
		{49660AFF-444F-43A2-A189-2CF18F6133A9} = {827E0CD3-B72D-47B6-A68D-7590B98EB39B}
		{B5C1C186-831F-42BD-A66B-933349BACC81} = {827E0CD3-B72D-47B6-A68D-7590B98EB39B}
		{BA9CA87F-F98F-4591-B01A-DEEE246DE650} = {827E0CD3-B72D-47B6-A68D-7590B98EB39B}
		{9B9C52D6-8507-4CB7-AE9B-E5D564671D24} = {827E0CD3-B72D-47B6-A68D-7590B98EB39B}
		{A058E99F-E7FA-429D-92B2-83F9AF5B0057} = {827E0CD3-B72D-47B6-A68D-7590B98EB39B}
		{0D1DA838-316B-4013-B32E-25B6CC4565E8} = {827E0CD3-B72D-47B6-A68D-7590B98EB39B}
		{C043A2E2-6588-4E45-864D-4EE2C6EA9A27} = {827E0CD3-B72D-47B6-A68D-7590B98EB39B}
	EndGlobalSection
EndGlobal
